
Microsoft Visual Studio Solution File, Format Version 12.00
# Visual Studio Version 17
VisualStudioVersion = 17.2.32630.192
MinimumVisualStudioVersion = 10.0.40219.1
Project("{9A19103F-16F7-4668-BE54-9A1E7A4F7556}") = "DarkKnight", "ConsoleApp1\DarkKnight.csproj", "{B20ED5BC-429F-455C-A0D5-0D0A03859271}"
EndProject
Global
	GlobalSection(SolutionConfigurationPlatforms) = preSolution
		Debug|Any CPU = Debug|Any CPU
		Release|Any CPU = Release|Any CPU
	EndGlobalSection
	GlobalSection(ProjectConfigurationPlatforms) = postSolution
		{B20ED5BC-429F-455C-A0D5-0D0A03859271}.Debug|Any CPU.ActiveCfg = Debug|Any CPU
		{B20ED5BC-429F-455C-A0D5-0D0A03859271}.Debug|Any CPU.Build.0 = Debug|Any CPU
		{B20ED5BC-429F-455C-A0D5-0D0A03859271}.Release|Any CPU.ActiveCfg = Release|Any CPU
		{B20ED5BC-429F-455C-A0D5-0D0A03859271}.Release|Any CPU.Build.0 = Release|Any CPU
	EndGlobalSection
	GlobalSection(SolutionProperties) = preSolution
		HideSolutionNode = FALSE
	EndGlobalSection
	GlobalSection(ExtensibilityGlobals) = postSolution
		SolutionGuid = {E833F4DF-4C5C-4AE3-A55B-6F0D9C15AC64}
	EndGlobalSection
EndGlobal
